
Microsoft Visual Studio Solution File, Format Version 12.00
# Visual Studio Version 17
VisualStudioVersion = 17.8.34309.116
MinimumVisualStudioVersion = 10.0.40219.1
Project("{FAE04EC0-301F-11D3-BF4B-00C04F79EFBC}") = "Lab_4", "Lab_4.csproj", "{36C38C1C-FD70-4F7D-8B68-FEA870781C4B}"
EndProject
Project("{FAE04EC0-301F-11D3-BF4B-00C04F79EFBC}") = "tracking.client", "..\tracking.client\tracking.client.csproj", "{38AF3371-10AC-49F5-98AD-2DC30D1FF46F}"
EndProject
Global
	GlobalSection(SolutionConfigurationPlatforms) = preSolution
		Debug|Any CPU = Debug|Any CPU
		Release|Any CPU = Release|Any CPU
	EndGlobalSection
	GlobalSection(ProjectConfigurationPlatforms) = postSolution
		{36C38C1C-FD70-4F7D-8B68-FEA870781C4B}.Debug|Any CPU.ActiveCfg = Debug|Any CPU
		{36C38C1C-FD70-4F7D-8B68-FEA870781C4B}.Debug|Any CPU.Build.0 = Debug|Any CPU
		{36C38C1C-FD70-4F7D-8B68-FEA870781C4B}.Release|Any CPU.ActiveCfg = Release|Any CPU
		{36C38C1C-FD70-4F7D-8B68-FEA870781C4B}.Release|Any CPU.Build.0 = Release|Any CPU
		{38AF3371-10AC-49F5-98AD-2DC30D1FF46F}.Debug|Any CPU.ActiveCfg = Debug|Any CPU
		{38AF3371-10AC-49F5-98AD-2DC30D1FF46F}.Debug|Any CPU.Build.0 = Debug|Any CPU
		{38AF3371-10AC-49F5-98AD-2DC30D1FF46F}.Release|Any CPU.ActiveCfg = Release|Any CPU
		{38AF3371-10AC-49F5-98AD-2DC30D1FF46F}.Release|Any CPU.Build.0 = Release|Any CPU
	EndGlobalSection
	GlobalSection(SolutionProperties) = preSolution
		HideSolutionNode = FALSE
	EndGlobalSection
	GlobalSection(ExtensibilityGlobals) = postSolution
		SolutionGuid = {6CC30087-45EB-4A38-9352-B0FAEFBB49E1}
	EndGlobalSection
EndGlobal
